
Microsoft Visual Studio Solution File, Format Version 12.00
# Visual Studio Version 17
VisualStudioVersion = 17.5.33424.131
MinimumVisualStudioVersion = 10.0.40219.1
Project("{FAE04EC0-301F-11D3-BF4B-00C04F79EFBC}") = "Task1.SumOfEven", "Task1.SumOfEven\Task1.SumOfEven.csproj", "{BF42C2B0-8BDC-4950-BF42-FBA1FBDAA125}"
EndProject
Project("{FAE04EC0-301F-11D3-BF4B-00C04F79EFBC}") = "Task2.StudentGroup", "Task2.StudentGroup\Task2.StudentGroup.csproj", "{F3633C26-8883-4ED2-9B37-338B166AD83B}"
EndProject
Global
	GlobalSection(SolutionConfigurationPlatforms) = preSolution
		Debug|Any CPU = Debug|Any CPU
		Release|Any CPU = Release|Any CPU
	EndGlobalSection
	GlobalSection(ProjectConfigurationPlatforms) = postSolution
		{BF42C2B0-8BDC-4950-BF42-FBA1FBDAA125}.Debug|Any CPU.ActiveCfg = Debug|Any CPU
		{BF42C2B0-8BDC-4950-BF42-FBA1FBDAA125}.Debug|Any CPU.Build.0 = Debug|Any CPU
		{BF42C2B0-8BDC-4950-BF42-FBA1FBDAA125}.Release|Any CPU.ActiveCfg = Release|Any CPU
		{BF42C2B0-8BDC-4950-BF42-FBA1FBDAA125}.Release|Any CPU.Build.0 = Release|Any CPU
		{F3633C26-8883-4ED2-9B37-338B166AD83B}.Debug|Any CPU.ActiveCfg = Debug|Any CPU
		{F3633C26-8883-4ED2-9B37-338B166AD83B}.Debug|Any CPU.Build.0 = Debug|Any CPU
		{F3633C26-8883-4ED2-9B37-338B166AD83B}.Release|Any CPU.ActiveCfg = Release|Any CPU
		{F3633C26-8883-4ED2-9B37-338B166AD83B}.Release|Any CPU.Build.0 = Release|Any CPU
	EndGlobalSection
	GlobalSection(SolutionProperties) = preSolution
		HideSolutionNode = FALSE
	EndGlobalSection
	GlobalSection(ExtensibilityGlobals) = postSolution
		SolutionGuid = {2243BEC9-0982-4129-9F0C-EE9827C4B120}
	EndGlobalSection
EndGlobal
