
Microsoft Visual Studio Solution File, Format Version 12.00
# Visual Studio Version 17
VisualStudioVersion = 17.5.33424.131
MinimumVisualStudioVersion = 10.0.40219.1
Project("{FAE04EC0-301F-11D3-BF4B-00C04F79EFBC}") = "Task01", "Task01\Task01.csproj", "{AB43F382-8B73-4904-8A3D-CB41DE0386D5}"
EndProject
Project("{FAE04EC0-301F-11D3-BF4B-00C04F79EFBC}") = "Task02", "Task02\Task02.csproj", "{463C13B6-4611-43D8-9C2A-4F4D39C26EEE}"
EndProject
Project("{FAE04EC0-301F-11D3-BF4B-00C04F79EFBC}") = "Task03", "Task03\Task03.csproj", "{DFBDBCD8-8414-44EC-A9F7-CFDAA8E0C4A0}"
EndProject
Global
	GlobalSection(SolutionConfigurationPlatforms) = preSolution
		Debug|Any CPU = Debug|Any CPU
		Release|Any CPU = Release|Any CPU
	EndGlobalSection
	GlobalSection(ProjectConfigurationPlatforms) = postSolution
		{AB43F382-8B73-4904-8A3D-CB41DE0386D5}.Debug|Any CPU.ActiveCfg = Debug|Any CPU
		{AB43F382-8B73-4904-8A3D-CB41DE0386D5}.Debug|Any CPU.Build.0 = Debug|Any CPU
		{AB43F382-8B73-4904-8A3D-CB41DE0386D5}.Release|Any CPU.ActiveCfg = Release|Any CPU
		{AB43F382-8B73-4904-8A3D-CB41DE0386D5}.Release|Any CPU.Build.0 = Release|Any CPU
		{463C13B6-4611-43D8-9C2A-4F4D39C26EEE}.Debug|Any CPU.ActiveCfg = Debug|Any CPU
		{463C13B6-4611-43D8-9C2A-4F4D39C26EEE}.Debug|Any CPU.Build.0 = Debug|Any CPU
		{463C13B6-4611-43D8-9C2A-4F4D39C26EEE}.Release|Any CPU.ActiveCfg = Release|Any CPU
		{463C13B6-4611-43D8-9C2A-4F4D39C26EEE}.Release|Any CPU.Build.0 = Release|Any CPU
		{DFBDBCD8-8414-44EC-A9F7-CFDAA8E0C4A0}.Debug|Any CPU.ActiveCfg = Debug|Any CPU
		{DFBDBCD8-8414-44EC-A9F7-CFDAA8E0C4A0}.Debug|Any CPU.Build.0 = Debug|Any CPU
		{DFBDBCD8-8414-44EC-A9F7-CFDAA8E0C4A0}.Release|Any CPU.ActiveCfg = Release|Any CPU
		{DFBDBCD8-8414-44EC-A9F7-CFDAA8E0C4A0}.Release|Any CPU.Build.0 = Release|Any CPU
	EndGlobalSection
	GlobalSection(SolutionProperties) = preSolution
		HideSolutionNode = FALSE
	EndGlobalSection
	GlobalSection(ExtensibilityGlobals) = postSolution
		SolutionGuid = {6BA156D4-4021-4871-A5A7-FA59DC61A9FD}
	EndGlobalSection
EndGlobal
